<?xml version="1.0" encoding="UTF-8" standalone="yes" ?>
<CodeBlocks_project_file>
	<FileVersion major="1" minor="6" />
	<Project>
		<Option title="LD31Game" />
		<Option pch_mode="2" />
		<Option compiler="gcc" />
		<Build>
			<Target title="Debug">
				<Option output="bin/Debug/LD31Game" prefix_auto="1" extension_auto="1" />
				<Option object_output="obj/Debug/" />
				<Option type="1" />
				<Option compiler="gcc" />
				<Compiler>
					<Add option="-g" />
					<Add directory="../_Librairies/SFML/include" />
					<Add directory="../_Librairies/Moteur2D" />
					<Add directory="_Librairies/Moteur2D" />
				</Compiler>
				<Linker>
					<Add library="sfml-graphics-d" />
					<Add library="sfml-window-d" />
					<Add library="sfml-system-d" />
					<Add directory="../_Librairies/SFML/lib" />
				</Linker>
			</Target>
			<Target title="Release">
				<Option output="bin/Release/LD31Game" prefix_auto="1" extension_auto="1" />
				<Option object_output="obj/Release/" />
				<Option type="1" />
				<Option compiler="gcc" />
				<Compiler>
					<Add option="-O2" />
					<Add directory="../_Librairies/SFML/include" />
					<Add directory="../_Librairies/Moteur2D" />
					<Add directory="_Librairies/Moteur2D" />
				</Compiler>
				<Linker>
					<Add option="-s" />
					<Add library="sfml-graphics" />
					<Add library="sfml-window" />
					<Add library="sfml-system" />
					<Add directory="../_Librairies/SFML/lib" />
				</Linker>
			</Target>
		</Build>
		<Compiler>
			<Add option="-Wall" />
		</Compiler>
		<Unit filename="../_Librairies/Moteur2D/animatedsprite.cpp" />
		<Unit filename="../_Librairies/Moteur2D/animatedsprite.h" />
		<Unit filename="../_Librairies/Moteur2D/concretebackground.cpp" />
		<Unit filename="../_Librairies/Moteur2D/concretebackground.h" />
		<Unit filename="../_Librairies/Moteur2D/eventmanager.cpp" />
		<Unit filename="../_Librairies/Moteur2D/eventmanager.h" />
		<Unit filename="../_Librairies/Moteur2D/fixedsprite.cpp" />
		<Unit filename="../_Librairies/Moteur2D/fixedsprite.h" />
		<Unit filename="../_Librairies/Moteur2D/gravity.cpp" />
		<Unit filename="../_Librairies/Moteur2D/gravity.h" />
		<Unit filename="../_Librairies/Moteur2D/ketboardlistener.h" />
		<Unit filename="../_Librairies/Moteur2D/keyboardlistener.cpp" />
		<Unit filename="../_Librairies/Moteur2D/monde.cpp" />
		<Unit filename="../_Librairies/Moteur2D/monde.h" />
		<Unit filename="../_Librairies/Moteur2D/moteur2d.cpp" />
		<Unit filename="../_Librairies/Moteur2D/moteur2d.h" />
		<Unit filename="../_Librairies/Moteur2D/mouselistener.cpp" />
		<Unit filename="../_Librairies/Moteur2D/mouselistener.h" />
		<Unit filename="../_Librairies/Moteur2D/updatable.h" />
		<Unit filename="../_Librairies/Moteur2D/view.cpp" />
		<Unit filename="../_Librairies/Moteur2D/view.h" />
		<Unit filename="MainDev.cpp" />
		<Unit filename="classtest.cpp" />
		<Unit filename="classtest.h" />
		<Unit filename="connecteur.cpp" />
		<Unit filename="connecteur.h" />
		<Unit filename="flamme.cpp" />
		<Unit filename="flamme.h" />
		<Unit filename="obstacle.cpp" />
		<Unit filename="obstacle.h" />
		<Unit filename="personnage.cpp" />
		<Unit filename="personnage.h" />
		<Unit filename="secteur.cpp" />
		<Unit filename="secteur.h" />
		<Unit filename="television.cpp" />
		<Unit filename="television.h" />
		<Extensions>
			<code_completion />
			<envvars />
			<debugger />
			<lib_finder disable_auto="1" />
		</Extensions>
	</Project>
</CodeBlocks_project_file>
